# This file is autogenerated, do not edit; changes may be undone by the next 'dep ensure'.


[[projects]]
  name = "github.com/djherbis/times"
  packages = ["."]
  revision = "95292e44976d1217cf3611dc7c8d9466877d3ed5"
  version = "v1.0.1"

[solve-meta]
  analyzer-name = "dep"
  analyzer-version = 1
  inputs-digest = "b6bcb059da2927092ae5972f6703fe5c550f95d79a5658a213e51c1e9de0aff2"
  solver-name = "gps-cdcl"
  solver-version = 1
